
Microsoft Visual Studio Solution File, Format Version 12.00
# Visual Studio 2012
Project("{FAE04EC0-301F-11D3-BF4B-00C04F79EFBC}") = "OPIMsys", "OPIMsys\OPIMsys.csproj", "{F6A0DB2D-02BC-4C93-8FBC-ADE9ECC6777E}"
EndProject
Project("{FAE04EC0-301F-11D3-BF4B-00C04F79EFBC}") = "OPIMsys.Tests", "OPIMsys.Tests\OPIMsys.Tests.csproj", "{E7F719ED-FC07-4E6E-B95B-C4B999687D9C}"
EndProject
Project("{CC5FD16D-436D-48AD-A40C-5A424C6E3E79}") = "OPIMsys.Azure", "OPIMsys.Azure\OPIMsys.Azure.ccproj", "{41000008-E213-49A7-BBA9-6650BA7E3F00}"
EndProject
Global
	GlobalSection(TeamFoundationVersionControl) = preSolution
		SccNumberOfProjects = 4
		SccEnterpriseProvider = {4CA58AB2-18FA-4F8D-95D4-32DDF27D184C}
		SccTeamFoundationServer = http://ken-pc:8080/tfs/defaultcollection
		SccLocalPath0 = .
		SccProjectUniqueName1 = OPIMsys.Tests\\OPIMsys.Tests.csproj
		SccProjectName1 = OPIMsys.Tests
		SccLocalPath1 = OPIMsys.Tests
		SccProjectUniqueName2 = OPIMsys\\OPIMsys.csproj
		SccProjectName2 = OPIMsys
		SccLocalPath2 = OPIMsys
		SccProjectUniqueName3 = OPIMsys.Azure\\OPIMsys.Azure.ccproj
		SccProjectName3 = OPIMsys.Azure
		SccLocalPath3 = OPIMsys.Azure
	EndGlobalSection
	GlobalSection(SolutionConfigurationPlatforms) = preSolution
		Debug|Any CPU = Debug|Any CPU
		Debug|x86 = Debug|x86
		Release|Any CPU = Release|Any CPU
		Release|x86 = Release|x86
	EndGlobalSection
	GlobalSection(ProjectConfigurationPlatforms) = postSolution
		{F6A0DB2D-02BC-4C93-8FBC-ADE9ECC6777E}.Debug|Any CPU.ActiveCfg = Debug|Any CPU
		{F6A0DB2D-02BC-4C93-8FBC-ADE9ECC6777E}.Debug|Any CPU.Build.0 = Debug|Any CPU
		{F6A0DB2D-02BC-4C93-8FBC-ADE9ECC6777E}.Debug|x86.ActiveCfg = Debug|Any CPU
		{F6A0DB2D-02BC-4C93-8FBC-ADE9ECC6777E}.Release|Any CPU.ActiveCfg = Release|Any CPU
		{F6A0DB2D-02BC-4C93-8FBC-ADE9ECC6777E}.Release|Any CPU.Build.0 = Release|Any CPU
		{F6A0DB2D-02BC-4C93-8FBC-ADE9ECC6777E}.Release|x86.ActiveCfg = Release|Any CPU
		{E7F719ED-FC07-4E6E-B95B-C4B999687D9C}.Debug|Any CPU.ActiveCfg = Debug|Any CPU
		{E7F719ED-FC07-4E6E-B95B-C4B999687D9C}.Debug|Any CPU.Build.0 = Debug|Any CPU
		{E7F719ED-FC07-4E6E-B95B-C4B999687D9C}.Debug|x86.ActiveCfg = Debug|Any CPU
		{E7F719ED-FC07-4E6E-B95B-C4B999687D9C}.Release|Any CPU.ActiveCfg = Release|Any CPU
		{E7F719ED-FC07-4E6E-B95B-C4B999687D9C}.Release|Any CPU.Build.0 = Release|Any CPU
		{E7F719ED-FC07-4E6E-B95B-C4B999687D9C}.Release|x86.ActiveCfg = Release|Any CPU
		{41000008-E213-49A7-BBA9-6650BA7E3F00}.Debug|Any CPU.ActiveCfg = Debug|Any CPU
		{41000008-E213-49A7-BBA9-6650BA7E3F00}.Debug|Any CPU.Build.0 = Debug|Any CPU
		{41000008-E213-49A7-BBA9-6650BA7E3F00}.Debug|x86.ActiveCfg = Debug|Any CPU
		{41000008-E213-49A7-BBA9-6650BA7E3F00}.Release|Any CPU.ActiveCfg = Release|Any CPU
		{41000008-E213-49A7-BBA9-6650BA7E3F00}.Release|Any CPU.Build.0 = Release|Any CPU
		{41000008-E213-49A7-BBA9-6650BA7E3F00}.Release|x86.ActiveCfg = Release|Any CPU
	EndGlobalSection
	GlobalSection(SolutionProperties) = preSolution
		HideSolutionNode = FALSE
	EndGlobalSection
EndGlobal
